// !$*UTF8*$!
{
	archiveVersion = 1;
	classes = {
	};
	objectVersion = 46;
	objects = {

/* Begin PBXBuildFile section */
		9F163D141DE84A2C000CE8F5 /* Dimension.swift in Sources */ = {isa = PBXBuildFile; fileRef = 9F163D131DE84A2C000CE8F5 /* Dimension.swift */; };
		9F32D08E1DE32ED8004455BB /* AppDelegate.swift in Sources */ = {isa = PBXBuildFile; fileRef = 9F32D08D1DE32ED8004455BB /* AppDelegate.swift */; };
		9F32D0991DE32ED8004455BB /* Main.storyboard in Resources */ = {isa = PBXBuildFile; fileRef = 9F32D0971DE32ED8004455BB /* Main.storyboard */; };
		9F32D09B1DE32ED8004455BB /* Assets.xcassets in Resources */ = {isa = PBXBuildFile; fileRef = 9F32D09A1DE32ED8004455BB /* Assets.xcassets */; };
		9F32D09E1DE32ED8004455BB /* LaunchScreen.storyboard in Resources */ = {isa = PBXBuildFile; fileRef = 9F32D09C1DE32ED8004455BB /* LaunchScreen.storyboard */; };
		9F32D0B01DE33240004455BB /* Star.swift in Sources */ = {isa = PBXBuildFile; fileRef = 9F32D0AD1DE33240004455BB /* Star.swift */; };
		9F32D0B11DE33240004455BB /* System.swift in Sources */ = {isa = PBXBuildFile; fileRef = 9F32D0AE1DE33240004455BB /* System.swift */; };
		9F32D0B21DE33240004455BB /* Universe.swift in Sources */ = {isa = PBXBuildFile; fileRef = 9F32D0AF1DE33240004455BB /* Universe.swift */; };
		9F32D0B51DE33280004455BB /* Race.swift in Sources */ = {isa = PBXBuildFile; fileRef = 9F32D0B41DE33280004455BB /* Race.swift */; };
		9F9644E51DE72D20002328AC /* tests.plist in Resources */ = {isa = PBXBuildFile; fileRef = 9F9644E41DE72D20002328AC /* tests.plist */; };
		9F9644E71DE72F66002328AC /* RacesTests.swift in Sources */ = {isa = PBXBuildFile; fileRef = 9F9644E61DE72F66002328AC /* RacesTests.swift */; };
		9F9644E91DE73119002328AC /* Nation.swift in Sources */ = {isa = PBXBuildFile; fileRef = 9F9644E81DE73119002328AC /* Nation.swift */; };
		9FA36E531DE861190050A53F /* universe.plist in Resources */ = {isa = PBXBuildFile; fileRef = 9FA36E521DE861190050A53F /* universe.plist */; };
		9FA36E551DE873C00050A53F /* UniverseSpriteComponent.swift in Sources */ = {isa = PBXBuildFile; fileRef = 9FA36E541DE873C00050A53F /* UniverseSpriteComponent.swift */; };
		9FA36E571DE877050050A53F /* Empty.swift in Sources */ = {isa = PBXBuildFile; fileRef = 9FA36E561DE877050050A53F /* Empty.swift */; };
		9FA36E591DE87F370050A53F /* stars.plist in Resources */ = {isa = PBXBuildFile; fileRef = 9FA36E581DE87F370050A53F /* stars.plist */; };
		9FA36E5D1DE8834E0050A53F /* Actions.sks in Resources */ = {isa = PBXBuildFile; fileRef = 9FA36E5C1DE8834E0050A53F /* Actions.sks */; };
		9FA36E601DE883570050A53F /* UniverseScene.sks in Resources */ = {isa = PBXBuildFile; fileRef = 9FA36E5E1DE883570050A53F /* UniverseScene.sks */; };
		9FA36E611DE883570050A53F /* UniverseScene.swift in Sources */ = {isa = PBXBuildFile; fileRef = 9FA36E5F1DE883570050A53F /* UniverseScene.swift */; };
		9FA36E641DE8837A0050A53F /* GameViewController.swift in Sources */ = {isa = PBXBuildFile; fileRef = 9FA36E631DE8837A0050A53F /* GameViewController.swift */; };
		9FA36E671DE886B10050A53F /* SystemUI.xib in Resources */ = {isa = PBXBuildFile; fileRef = 9FA36E661DE886B10050A53F /* SystemUI.xib */; };
		9FA36E691DE889AB0050A53F /* SystemUI.swift in Sources */ = {isa = PBXBuildFile; fileRef = 9FA36E681DE889AB0050A53F /* SystemUI.swift */; };
		9FA36E6B1DE890F40050A53F /* StarCell.xib in Resources */ = {isa = PBXBuildFile; fileRef = 9FA36E6A1DE890F40050A53F /* StarCell.xib */; };
		9FCF47F41DE7294D00334D7B /* Pop.swift in Sources */ = {isa = PBXBuildFile; fileRef = 9FCF47F31DE7294D00334D7B /* Pop.swift */; };
		9FCF47F81DE72A3E00334D7B /* raceKind.plist in Resources */ = {isa = PBXBuildFile; fileRef = 9FCF47F71DE72A3E00334D7B /* raceKind.plist */; };
		9FCF47FB1DE72AD400334D7B /* ResourcesLoader.swift in Sources */ = {isa = PBXBuildFile; fileRef = 9FCF47FA1DE72AD400334D7B /* ResourcesLoader.swift */; };
		9FCF480B1DE72BCB00334D7B /* ResourcesTest.swift in Sources */ = {isa = PBXBuildFile; fileRef = 9FCF480A1DE72BCB00334D7B /* ResourcesTest.swift */; };
		9FEF6AFC1DE89B5300085666 /* SystemBody.swift in Sources */ = {isa = PBXBuildFile; fileRef = 9FEF6AFB1DE89B5300085666 /* SystemBody.swift */; };
		9FEF6AFE1DE89C5700085666 /* Planet.swift in Sources */ = {isa = PBXBuildFile; fileRef = 9FEF6AFD1DE89C5700085666 /* Planet.swift */; };
		9FEF6B001DE89D2600085666 /* planets.plist in Resources */ = {isa = PBXBuildFile; fileRef = 9FEF6AFF1DE89D2600085666 /* planets.plist */; };
		9FF941B01DE734A9009658F7 /* raceForce.plist in Resources */ = {isa = PBXBuildFile; fileRef = 9FF941AF1DE734A9009658F7 /* raceForce.plist */; };
/* End PBXBuildFile section */

/* Begin PBXContainerItemProxy section */
		9FCF48051DE72B4A00334D7B /* PBXContainerItemProxy */ = {
			isa = PBXContainerItemProxy;
			containerPortal = 9F32D0821DE32ED8004455BB /* Project object */;
			proxyType = 1;
			remoteGlobalIDString = 9F32D0891DE32ED8004455BB;
			remoteInfo = "Little Orion";
		};
/* End PBXContainerItemProxy section */

/* Begin PBXFileReference section */
		9F163D131DE84A2C000CE8F5 /* Dimension.swift */ = {isa = PBXFileReference; fileEncoding = 4; lastKnownFileType = sourcecode.swift; name = Dimension.swift; path = models/space/Dimension.swift; sourceTree = "<group>"; };
		9F32D08A1DE32ED8004455BB /* Little Orion.app */ = {isa = PBXFileReference; explicitFileType = wrapper.application; includeInIndex = 0; path = "Little Orion.app"; sourceTree = BUILT_PRODUCTS_DIR; };
		9F32D08D1DE32ED8004455BB /* AppDelegate.swift */ = {isa = PBXFileReference; lastKnownFileType = sourcecode.swift; path = AppDelegate.swift; sourceTree = "<group>"; };
		9F32D0981DE32ED8004455BB /* Base */ = {isa = PBXFileReference; lastKnownFileType = file.storyboard; name = Base; path = Base.lproj/Main.storyboard; sourceTree = "<group>"; };
		9F32D09A1DE32ED8004455BB /* Assets.xcassets */ = {isa = PBXFileReference; lastKnownFileType = folder.assetcatalog; path = Assets.xcassets; sourceTree = "<group>"; };
		9F32D09D1DE32ED8004455BB /* Base */ = {isa = PBXFileReference; lastKnownFileType = file.storyboard; name = Base; path = Base.lproj/LaunchScreen.storyboard; sourceTree = "<group>"; };
		9F32D09F1DE32ED8004455BB /* Info.plist */ = {isa = PBXFileReference; lastKnownFileType = text.plist.xml; path = Info.plist; sourceTree = "<group>"; };
		9F32D0AD1DE33240004455BB /* Star.swift */ = {isa = PBXFileReference; fileEncoding = 4; lastKnownFileType = sourcecode.swift; name = Star.swift; path = models/space/Star.swift; sourceTree = "<group>"; };
		9F32D0AE1DE33240004455BB /* System.swift */ = {isa = PBXFileReference; fileEncoding = 4; lastKnownFileType = sourcecode.swift; name = System.swift; path = models/space/System.swift; sourceTree = "<group>"; };
		9F32D0AF1DE33240004455BB /* Universe.swift */ = {isa = PBXFileReference; fileEncoding = 4; lastKnownFileType = sourcecode.swift; name = Universe.swift; path = models/space/Universe.swift; sourceTree = "<group>"; };
		9F32D0B41DE33280004455BB /* Race.swift */ = {isa = PBXFileReference; fileEncoding = 4; lastKnownFileType = sourcecode.swift; name = Race.swift; path = models/pop/Race.swift; sourceTree = "<group>"; };
		9F9644E41DE72D20002328AC /* tests.plist */ = {isa = PBXFileReference; fileEncoding = 4; lastKnownFileType = text.plist.xml; name = tests.plist; path = resources/text/tests.plist; sourceTree = "<group>"; };
		9F9644E61DE72F66002328AC /* RacesTests.swift */ = {isa = PBXFileReference; fileEncoding = 4; lastKnownFileType = sourcecode.swift; path = RacesTests.swift; sourceTree = "<group>"; };
		9F9644E81DE73119002328AC /* Nation.swift */ = {isa = PBXFileReference; fileEncoding = 4; lastKnownFileType = sourcecode.swift; name = Nation.swift; path = models/pop/Nation.swift; sourceTree = "<group>"; };
		9FA36E521DE861190050A53F /* universe.plist */ = {isa = PBXFileReference; fileEncoding = 4; lastKnownFileType = text.plist.xml; name = universe.plist; path = resources/dimensions/universe.plist; sourceTree = "<group>"; };
		9FA36E541DE873C00050A53F /* UniverseSpriteComponent.swift */ = {isa = PBXFileReference; fileEncoding = 4; lastKnownFileType = sourcecode.swift; name = UniverseSpriteComponent.swift; path = models/components/UniverseSpriteComponent.swift; sourceTree = "<group>"; };
		9FA36E561DE877050050A53F /* Empty.swift */ = {isa = PBXFileReference; fileEncoding = 4; lastKnownFileType = sourcecode.swift; path = Empty.swift; sourceTree = "<group>"; };
		9FA36E581DE87F370050A53F /* stars.plist */ = {isa = PBXFileReference; fileEncoding = 4; lastKnownFileType = text.plist.xml; name = stars.plist; path = resources/text/stars.plist; sourceTree = "<group>"; };
		9FA36E5C1DE8834E0050A53F /* Actions.sks */ = {isa = PBXFileReference; lastKnownFileType = file.sks; name = Actions.sks; path = actions/Actions.sks; sourceTree = "<group>"; };
		9FA36E5E1DE883570050A53F /* UniverseScene.sks */ = {isa = PBXFileReference; lastKnownFileType = file.sks; name = UniverseScene.sks; path = scenes/UniverseScene.sks; sourceTree = "<group>"; };
		9FA36E5F1DE883570050A53F /* UniverseScene.swift */ = {isa = PBXFileReference; fileEncoding = 4; lastKnownFileType = sourcecode.swift; name = UniverseScene.swift; path = scenes/UniverseScene.swift; sourceTree = "<group>"; };
		9FA36E631DE8837A0050A53F /* GameViewController.swift */ = {isa = PBXFileReference; fileEncoding = 4; lastKnownFileType = sourcecode.swift; name = GameViewController.swift; path = viewControllers/GameViewController.swift; sourceTree = "<group>"; };
		9FA36E661DE886B10050A53F /* SystemUI.xib */ = {isa = PBXFileReference; fileEncoding = 4; lastKnownFileType = file.xib; name = SystemUI.xib; path = UI/SystemUI.xib; sourceTree = "<group>"; };
		9FA36E681DE889AB0050A53F /* SystemUI.swift */ = {isa = PBXFileReference; fileEncoding = 4; lastKnownFileType = sourcecode.swift; name = SystemUI.swift; path = UI/SystemUI.swift; sourceTree = "<group>"; };
		9FA36E6A1DE890F40050A53F /* StarCell.xib */ = {isa = PBXFileReference; fileEncoding = 4; lastKnownFileType = file.xib; name = StarCell.xib; path = UI/StarCell.xib; sourceTree = "<group>"; };
		9FCF47F31DE7294D00334D7B /* Pop.swift */ = {isa = PBXFileReference; fileEncoding = 4; lastKnownFileType = sourcecode.swift; name = Pop.swift; path = models/pop/Pop.swift; sourceTree = "<group>"; };
		9FCF47F71DE72A3E00334D7B /* raceKind.plist */ = {isa = PBXFileReference; fileEncoding = 4; lastKnownFileType = text.plist.xml; name = raceKind.plist; path = resources/text/raceKind.plist; sourceTree = "<group>"; };
		9FCF47FA1DE72AD400334D7B /* ResourcesLoader.swift */ = {isa = PBXFileReference; fileEncoding = 4; lastKnownFileType = sourcecode.swift; name = ResourcesLoader.swift; path = helpers/ResourcesLoader.swift; sourceTree = "<group>"; };
		9FCF48001DE72B4A00334D7B /* OrionTests.xctest */ = {isa = PBXFileReference; explicitFileType = wrapper.cfbundle; includeInIndex = 0; path = OrionTests.xctest; sourceTree = BUILT_PRODUCTS_DIR; };
		9FCF48041DE72B4A00334D7B /* Info.plist */ = {isa = PBXFileReference; lastKnownFileType = text.plist.xml; path = Info.plist; sourceTree = "<group>"; };
		9FCF480A1DE72BCB00334D7B /* ResourcesTest.swift */ = {isa = PBXFileReference; fileEncoding = 4; lastKnownFileType = sourcecode.swift; path = ResourcesTest.swift; sourceTree = "<group>"; };
		9FEF6AFB1DE89B5300085666 /* SystemBody.swift */ = {isa = PBXFileReference; fileEncoding = 4; lastKnownFileType = sourcecode.swift; name = SystemBody.swift; path = models/space/SystemBody.swift; sourceTree = "<group>"; };
		9FEF6AFD1DE89C5700085666 /* Planet.swift */ = {isa = PBXFileReference; fileEncoding = 4; lastKnownFileType = sourcecode.swift; name = Planet.swift; path = models/space/Planet.swift; sourceTree = "<group>"; };
		9FEF6AFF1DE89D2600085666 /* planets.plist */ = {isa = PBXFileReference; fileEncoding = 4; lastKnownFileType = text.plist.xml; name = planets.plist; path = resources/text/planets.plist; sourceTree = "<group>"; };
		9FF941AF1DE734A9009658F7 /* raceForce.plist */ = {isa = PBXFileReference; fileEncoding = 4; lastKnownFileType = text.plist.xml; name = raceForce.plist; path = resources/modifiers/raceForce.plist; sourceTree = "<group>"; };
/* End PBXFileReference section */

/* Begin PBXFrameworksBuildPhase section */
		9F32D0871DE32ED8004455BB /* Frameworks */ = {
			isa = PBXFrameworksBuildPhase;
			buildActionMask = 2147483647;
			files = (
			);
			runOnlyForDeploymentPostprocessing = 0;
		};
		9FCF47FD1DE72B4A00334D7B /* Frameworks */ = {
			isa = PBXFrameworksBuildPhase;
			buildActionMask = 2147483647;
			files = (
			);
			runOnlyForDeploymentPostprocessing = 0;
		};
/* End PBXFrameworksBuildPhase section */

/* Begin PBXGroup section */
		9F32D0811DE32ED8004455BB = {
			isa = PBXGroup;
			children = (
				9F32D08C1DE32ED8004455BB /* Little Orion */,
				9FCF48011DE72B4A00334D7B /* OrionTests */,
				9F32D08B1DE32ED8004455BB /* Products */,
			);
			sourceTree = "<group>";
		};
		9F32D08B1DE32ED8004455BB /* Products */ = {
			isa = PBXGroup;
			children = (
				9F32D08A1DE32ED8004455BB /* Little Orion.app */,
				9FCF48001DE72B4A00334D7B /* OrionTests.xctest */,
			);
			name = Products;
			sourceTree = "<group>";
		};
		9F32D08C1DE32ED8004455BB /* Little Orion */ = {
			isa = PBXGroup;
			children = (
				9FA36E651DE8869A0050A53F /* UI */,
				9FA36E621DE883620050A53F /* viewControllers */,
				9FA36E5B1DE883230050A53F /* actions */,
				9FA36E5A1DE883090050A53F /* scenes */,
				9FCF47F91DE72A9F00334D7B /* helpers */,
				9FCF47F51DE72A1800334D7B /* resources */,
				9F32D0A51DE32FC4004455BB /* models */,
				9F32D08D1DE32ED8004455BB /* AppDelegate.swift */,
				9F32D0971DE32ED8004455BB /* Main.storyboard */,
				9F32D09A1DE32ED8004455BB /* Assets.xcassets */,
				9F32D09C1DE32ED8004455BB /* LaunchScreen.storyboard */,
				9F32D09F1DE32ED8004455BB /* Info.plist */,
			);
			path = "Little Orion";
			sourceTree = "<group>";
		};
		9F32D0A51DE32FC4004455BB /* models */ = {
			isa = PBXGroup;
			children = (
				9FF941B11DE737FA009658F7 /* components */,
				9F32D0B31DE33252004455BB /* pop */,
				9F32D0AC1DE3322B004455BB /* space */,
			);
			name = models;
			sourceTree = "<group>";
		};
		9F32D0AC1DE3322B004455BB /* space */ = {
			isa = PBXGroup;
			children = (
				9F32D0AF1DE33240004455BB /* Universe.swift */,
				9FA36E561DE877050050A53F /* Empty.swift */,
				9F32D0AE1DE33240004455BB /* System.swift */,
				9FEF6AFB1DE89B5300085666 /* SystemBody.swift */,
				9F32D0AD1DE33240004455BB /* Star.swift */,
				9FEF6AFD1DE89C5700085666 /* Planet.swift */,
				9F163D131DE84A2C000CE8F5 /* Dimension.swift */,
			);
			name = space;
			sourceTree = "<group>";
		};
		9F32D0B31DE33252004455BB /* pop */ = {
			isa = PBXGroup;
			children = (
				9F32D0B41DE33280004455BB /* Race.swift */,
				9FCF47F31DE7294D00334D7B /* Pop.swift */,
				9F9644E81DE73119002328AC /* Nation.swift */,
			);
			name = pop;
			sourceTree = "<group>";
		};
		9FA36E511DE860760050A53F /* dimensions */ = {
			isa = PBXGroup;
			children = (
				9FA36E521DE861190050A53F /* universe.plist */,
			);
			name = dimensions;
			sourceTree = "<group>";
		};
		9FA36E5A1DE883090050A53F /* scenes */ = {
			isa = PBXGroup;
			children = (
				9FA36E5E1DE883570050A53F /* UniverseScene.sks */,
				9FA36E5F1DE883570050A53F /* UniverseScene.swift */,
			);
			name = scenes;
			sourceTree = "<group>";
		};
		9FA36E5B1DE883230050A53F /* actions */ = {
			isa = PBXGroup;
			children = (
				9FA36E5C1DE8834E0050A53F /* Actions.sks */,
			);
			name = actions;
			sourceTree = "<group>";
		};
		9FA36E621DE883620050A53F /* viewControllers */ = {
			isa = PBXGroup;
			children = (
				9FA36E631DE8837A0050A53F /* GameViewController.swift */,
			);
			name = viewControllers;
			sourceTree = "<group>";
		};
		9FA36E651DE8869A0050A53F /* UI */ = {
			isa = PBXGroup;
			children = (
				9FA36E661DE886B10050A53F /* SystemUI.xib */,
				9FA36E681DE889AB0050A53F /* SystemUI.swift */,
				9FA36E6A1DE890F40050A53F /* StarCell.xib */,
			);
			name = UI;
			sourceTree = "<group>";
		};
		9FCF47F51DE72A1800334D7B /* resources */ = {
			isa = PBXGroup;
			children = (
				9FA36E511DE860760050A53F /* dimensions */,
				9FF941AE1DE73490009658F7 /* modifiers */,
				9FCF47F61DE72A1D00334D7B /* text */,
			);
			name = resources;
			sourceTree = "<group>";
		};
		9FCF47F61DE72A1D00334D7B /* text */ = {
			isa = PBXGroup;
			children = (
				9FCF47F71DE72A3E00334D7B /* raceKind.plist */,
				9F9644E41DE72D20002328AC /* tests.plist */,
				9FA36E581DE87F370050A53F /* stars.plist */,
				9FEF6AFF1DE89D2600085666 /* planets.plist */,
			);
			name = text;
			sourceTree = "<group>";
		};
		9FCF47F91DE72A9F00334D7B /* helpers */ = {
			isa = PBXGroup;
			children = (
				9FCF47FA1DE72AD400334D7B /* ResourcesLoader.swift */,
			);
			name = helpers;
			sourceTree = "<group>";
		};
		9FCF48011DE72B4A00334D7B /* OrionTests */ = {
			isa = PBXGroup;
			children = (
				9FCF480A1DE72BCB00334D7B /* ResourcesTest.swift */,
				9F9644E61DE72F66002328AC /* RacesTests.swift */,
				9FCF48041DE72B4A00334D7B /* Info.plist */,
			);
			path = OrionTests;
			sourceTree = "<group>";
		};
		9FF941AE1DE73490009658F7 /* modifiers */ = {
			isa = PBXGroup;
			children = (
				9FF941AF1DE734A9009658F7 /* raceForce.plist */,
			);
			name = modifiers;
			sourceTree = "<group>";
		};
		9FF941B11DE737FA009658F7 /* components */ = {
			isa = PBXGroup;
			children = (
				9FA36E541DE873C00050A53F /* UniverseSpriteComponent.swift */,
			);
			name = components;
			sourceTree = "<group>";
		};
/* End PBXGroup section */

/* Begin PBXNativeTarget section */
		9F32D0891DE32ED8004455BB /* Little Orion */ = {
			isa = PBXNativeTarget;
			buildConfigurationList = 9F32D0A21DE32ED8004455BB /* Build configuration list for PBXNativeTarget "Little Orion" */;
			buildPhases = (
				9F32D0861DE32ED8004455BB /* Sources */,
				9F32D0871DE32ED8004455BB /* Frameworks */,
				9F32D0881DE32ED8004455BB /* Resources */,
			);
			buildRules = (
			);
			dependencies = (
			);
			name = "Little Orion";
			productName = "Little Orion";
			productReference = 9F32D08A1DE32ED8004455BB /* Little Orion.app */;
			productType = "com.apple.product-type.application";
		};
		9FCF47FF1DE72B4A00334D7B /* OrionTests */ = {
			isa = PBXNativeTarget;
			buildConfigurationList = 9FCF48071DE72B4A00334D7B /* Build configuration list for PBXNativeTarget "OrionTests" */;
			buildPhases = (
				9FCF47FC1DE72B4A00334D7B /* Sources */,
				9FCF47FD1DE72B4A00334D7B /* Frameworks */,
				9FCF47FE1DE72B4A00334D7B /* Resources */,
			);
			buildRules = (
			);
			dependencies = (
				9FCF48061DE72B4A00334D7B /* PBXTargetDependency */,
			);
			name = OrionTests;
			productName = OrionTests;
			productReference = 9FCF48001DE72B4A00334D7B /* OrionTests.xctest */;
			productType = "com.apple.product-type.bundle.unit-test";
		};
/* End PBXNativeTarget section */

/* Begin PBXProject section */
		9F32D0821DE32ED8004455BB /* Project object */ = {
			isa = PBXProject;
			attributes = {
				LastSwiftUpdateCheck = 0810;
				LastUpgradeCheck = 0810;
				ORGANIZATIONNAME = "Thomas Ricouard";
				TargetAttributes = {
					9F32D0891DE32ED8004455BB = {
						CreatedOnToolsVersion = 8.1;
						DevelopmentTeam = Z6P74P6T99;
						ProvisioningStyle = Automatic;
					};
					9FCF47FF1DE72B4A00334D7B = {
						CreatedOnToolsVersion = 8.1;
						DevelopmentTeam = Z6P74P6T99;
						ProvisioningStyle = Automatic;
						TestTargetID = 9F32D0891DE32ED8004455BB;
					};
				};
			};
			buildConfigurationList = 9F32D0851DE32ED8004455BB /* Build configuration list for PBXProject "Little Orion" */;
			compatibilityVersion = "Xcode 3.2";
			developmentRegion = English;
			hasScannedForEncodings = 0;
			knownRegions = (
				en,
				Base,
			);
			mainGroup = 9F32D0811DE32ED8004455BB;
			productRefGroup = 9F32D08B1DE32ED8004455BB /* Products */;
			projectDirPath = "";
			projectRoot = "";
			targets = (
				9F32D0891DE32ED8004455BB /* Little Orion */,
				9FCF47FF1DE72B4A00334D7B /* OrionTests */,
			);
		};
/* End PBXProject section */

/* Begin PBXResourcesBuildPhase section */
		9F32D0881DE32ED8004455BB /* Resources */ = {
			isa = PBXResourcesBuildPhase;
			buildActionMask = 2147483647;
			files = (
				9F32D0991DE32ED8004455BB /* Main.storyboard in Resources */,
				9FA36E5D1DE8834E0050A53F /* Actions.sks in Resources */,
				9F32D09B1DE32ED8004455BB /* Assets.xcassets in Resources */,
				9FF941B01DE734A9009658F7 /* raceForce.plist in Resources */,
				9FA36E531DE861190050A53F /* universe.plist in Resources */,
				9F32D09E1DE32ED8004455BB /* LaunchScreen.storyboard in Resources */,
				9FA36E591DE87F370050A53F /* stars.plist in Resources */,
				9FA36E6B1DE890F40050A53F /* StarCell.xib in Resources */,
				9F9644E51DE72D20002328AC /* tests.plist in Resources */,
				9FCF47F81DE72A3E00334D7B /* raceKind.plist in Resources */,
				9FEF6B001DE89D2600085666 /* planets.plist in Resources */,
				9FA36E671DE886B10050A53F /* SystemUI.xib in Resources */,
				9FA36E601DE883570050A53F /* UniverseScene.sks in Resources */,
			);
			runOnlyForDeploymentPostprocessing = 0;
		};
		9FCF47FE1DE72B4A00334D7B /* Resources */ = {
			isa = PBXResourcesBuildPhase;
			buildActionMask = 2147483647;
			files = (
			);
			runOnlyForDeploymentPostprocessing = 0;
		};
/* End PBXResourcesBuildPhase section */

/* Begin PBXSourcesBuildPhase section */
		9F32D0861DE32ED8004455BB /* Sources */ = {
			isa = PBXSourcesBuildPhase;
			buildActionMask = 2147483647;
			files = (
				9FA36E611DE883570050A53F /* UniverseScene.swift in Sources */,
				9F32D0B21DE33240004455BB /* Universe.swift in Sources */,
				9FA36E691DE889AB0050A53F /* SystemUI.swift in Sources */,
				9F32D0B51DE33280004455BB /* Race.swift in Sources */,
				9F9644E91DE73119002328AC /* Nation.swift in Sources */,
				9FA36E641DE8837A0050A53F /* GameViewController.swift in Sources */,
				9FCF47F41DE7294D00334D7B /* Pop.swift in Sources */,
				9F32D0B01DE33240004455BB /* Star.swift in Sources */,
				9FCF47FB1DE72AD400334D7B /* ResourcesLoader.swift in Sources */,
				9F32D0B11DE33240004455BB /* System.swift in Sources */,
				9FA36E571DE877050050A53F /* Empty.swift in Sources */,
				9FEF6AFE1DE89C5700085666 /* Planet.swift in Sources */,
				9F163D141DE84A2C000CE8F5 /* Dimension.swift in Sources */,
				9F32D08E1DE32ED8004455BB /* AppDelegate.swift in Sources */,
				9FA36E551DE873C00050A53F /* UniverseSpriteComponent.swift in Sources */,
				9FEF6AFC1DE89B5300085666 /* SystemBody.swift in Sources */,
			);
			runOnlyForDeploymentPostprocessing = 0;
		};
		9FCF47FC1DE72B4A00334D7B /* Sources */ = {
			isa = PBXSourcesBuildPhase;
			buildActionMask = 2147483647;
			files = (
				9F9644E71DE72F66002328AC /* RacesTests.swift in Sources */,
				9FCF480B1DE72BCB00334D7B /* ResourcesTest.swift in Sources */,
			);
			runOnlyForDeploymentPostprocessing = 0;
		};
/* End PBXSourcesBuildPhase section */

/* Begin PBXTargetDependency section */
		9FCF48061DE72B4A00334D7B /* PBXTargetDependency */ = {
			isa = PBXTargetDependency;
			target = 9F32D0891DE32ED8004455BB /* Little Orion */;
			targetProxy = 9FCF48051DE72B4A00334D7B /* PBXContainerItemProxy */;
		};
/* End PBXTargetDependency section */

/* Begin PBXVariantGroup section */
		9F32D0971DE32ED8004455BB /* Main.storyboard */ = {
			isa = PBXVariantGroup;
			children = (
				9F32D0981DE32ED8004455BB /* Base */,
			);
			name = Main.storyboard;
			sourceTree = "<group>";
		};
		9F32D09C1DE32ED8004455BB /* LaunchScreen.storyboard */ = {
			isa = PBXVariantGroup;
			children = (
				9F32D09D1DE32ED8004455BB /* Base */,
			);
			name = LaunchScreen.storyboard;
			sourceTree = "<group>";
		};
/* End PBXVariantGroup section */

/* Begin XCBuildConfiguration section */
		9F32D0A01DE32ED8004455BB /* Debug */ = {
			isa = XCBuildConfiguration;
			buildSettings = {
				ALWAYS_SEARCH_USER_PATHS = NO;
				CLANG_ANALYZER_NONNULL = YES;
				CLANG_CXX_LANGUAGE_STANDARD = "gnu++0x";
				CLANG_CXX_LIBRARY = "libc++";
				CLANG_ENABLE_MODULES = YES;
				CLANG_ENABLE_OBJC_ARC = YES;
				CLANG_WARN_BOOL_CONVERSION = YES;
				CLANG_WARN_CONSTANT_CONVERSION = YES;
				CLANG_WARN_DIRECT_OBJC_ISA_USAGE = YES_ERROR;
				CLANG_WARN_DOCUMENTATION_COMMENTS = YES;
				CLANG_WARN_EMPTY_BODY = YES;
				CLANG_WARN_ENUM_CONVERSION = YES;
				CLANG_WARN_INFINITE_RECURSION = YES;
				CLANG_WARN_INT_CONVERSION = YES;
				CLANG_WARN_OBJC_ROOT_CLASS = YES_ERROR;
				CLANG_WARN_SUSPICIOUS_MOVES = YES;
				CLANG_WARN_UNREACHABLE_CODE = YES;
				CLANG_WARN__DUPLICATE_METHOD_MATCH = YES;
				"CODE_SIGN_IDENTITY[sdk=iphoneos*]" = "iPhone Developer";
				COPY_PHASE_STRIP = NO;
				DEBUG_INFORMATION_FORMAT = dwarf;
				ENABLE_STRICT_OBJC_MSGSEND = YES;
				ENABLE_TESTABILITY = YES;
				GCC_C_LANGUAGE_STANDARD = gnu99;
				GCC_DYNAMIC_NO_PIC = NO;
				GCC_NO_COMMON_BLOCKS = YES;
				GCC_OPTIMIZATION_LEVEL = 0;
				GCC_PREPROCESSOR_DEFINITIONS = (
					"DEBUG=1",
					"$(inherited)",
				);
				GCC_WARN_64_TO_32_BIT_CONVERSION = YES;
				GCC_WARN_ABOUT_RETURN_TYPE = YES_ERROR;
				GCC_WARN_UNDECLARED_SELECTOR = YES;
				GCC_WARN_UNINITIALIZED_AUTOS = YES_AGGRESSIVE;
				GCC_WARN_UNUSED_FUNCTION = YES;
				GCC_WARN_UNUSED_VARIABLE = YES;
				IPHONEOS_DEPLOYMENT_TARGET = 10.1;
				MTL_ENABLE_DEBUG_INFO = YES;
				ONLY_ACTIVE_ARCH = YES;
				SDKROOT = iphoneos;
				SWIFT_ACTIVE_COMPILATION_CONDITIONS = DEBUG;
				SWIFT_OPTIMIZATION_LEVEL = "-Onone";
			};
			name = Debug;
		};
		9F32D0A11DE32ED8004455BB /* Release */ = {
			isa = XCBuildConfiguration;
			buildSettings = {
				ALWAYS_SEARCH_USER_PATHS = NO;
				CLANG_ANALYZER_NONNULL = YES;
				CLANG_CXX_LANGUAGE_STANDARD = "gnu++0x";
				CLANG_CXX_LIBRARY = "libc++";
				CLANG_ENABLE_MODULES = YES;
				CLANG_ENABLE_OBJC_ARC = YES;
				CLANG_WARN_BOOL_CONVERSION = YES;
				CLANG_WARN_CONSTANT_CONVERSION = YES;
				CLANG_WARN_DIRECT_OBJC_ISA_USAGE = YES_ERROR;
				CLANG_WARN_DOCUMENTATION_COMMENTS = YES;
				CLANG_WARN_EMPTY_BODY = YES;
				CLANG_WARN_ENUM_CONVERSION = YES;
				CLANG_WARN_INFINITE_RECURSION = YES;
				CLANG_WARN_INT_CONVERSION = YES;
				CLANG_WARN_OBJC_ROOT_CLASS = YES_ERROR;
				CLANG_WARN_SUSPICIOUS_MOVES = YES;
				CLANG_WARN_UNREACHABLE_CODE = YES;
				CLANG_WARN__DUPLICATE_METHOD_MATCH = YES;
				"CODE_SIGN_IDENTITY[sdk=iphoneos*]" = "iPhone Developer";
				COPY_PHASE_STRIP = NO;
				DEBUG_INFORMATION_FORMAT = "dwarf-with-dsym";
				ENABLE_NS_ASSERTIONS = NO;
				ENABLE_STRICT_OBJC_MSGSEND = YES;
				GCC_C_LANGUAGE_STANDARD = gnu99;
				GCC_NO_COMMON_BLOCKS = YES;
				GCC_WARN_64_TO_32_BIT_CONVERSION = YES;
				GCC_WARN_ABOUT_RETURN_TYPE = YES_ERROR;
				GCC_WARN_UNDECLARED_SELECTOR = YES;
				GCC_WARN_UNINITIALIZED_AUTOS = YES_AGGRESSIVE;
				GCC_WARN_UNUSED_FUNCTION = YES;
				GCC_WARN_UNUSED_VARIABLE = YES;
				IPHONEOS_DEPLOYMENT_TARGET = 10.1;
				MTL_ENABLE_DEBUG_INFO = NO;
				SDKROOT = iphoneos;
				SWIFT_OPTIMIZATION_LEVEL = "-Owholemodule";
				VALIDATE_PRODUCT = YES;
			};
			name = Release;
		};
		9F32D0A31DE32ED8004455BB /* Debug */ = {
			isa = XCBuildConfiguration;
			buildSettings = {
				ASSETCATALOG_COMPILER_APPICON_NAME = AppIcon;
				DEVELOPMENT_TEAM = Z6P74P6T99;
				INFOPLIST_FILE = "Little Orion/Info.plist";
				IPHONEOS_DEPLOYMENT_TARGET = 10.1;
				LD_RUNPATH_SEARCH_PATHS = "$(inherited) @executable_path/Frameworks";
				PRODUCT_BUNDLE_IDENTIFIER = "com.thomasricouard.Little-Orion";
				PRODUCT_NAME = "$(TARGET_NAME)";
				SWIFT_VERSION = 3.0;
			};
			name = Debug;
		};
		9F32D0A41DE32ED8004455BB /* Release */ = {
			isa = XCBuildConfiguration;
			buildSettings = {
				ASSETCATALOG_COMPILER_APPICON_NAME = AppIcon;
				DEVELOPMENT_TEAM = Z6P74P6T99;
				INFOPLIST_FILE = "Little Orion/Info.plist";
				IPHONEOS_DEPLOYMENT_TARGET = 10.1;
				LD_RUNPATH_SEARCH_PATHS = "$(inherited) @executable_path/Frameworks";
				PRODUCT_BUNDLE_IDENTIFIER = "com.thomasricouard.Little-Orion";
				PRODUCT_NAME = "$(TARGET_NAME)";
				SWIFT_VERSION = 3.0;
			};
			name = Release;
		};
		9FCF48081DE72B4A00334D7B /* Debug */ = {
			isa = XCBuildConfiguration;
			buildSettings = {
				BUNDLE_LOADER = "$(TEST_HOST)";
				DEVELOPMENT_TEAM = Z6P74P6T99;
				INFOPLIST_FILE = OrionTests/Info.plist;
				LD_RUNPATH_SEARCH_PATHS = "$(inherited) @executable_path/Frameworks @loader_path/Frameworks";
				PRODUCT_BUNDLE_IDENTIFIER = com.thomasricouard.OrionTests;
				PRODUCT_NAME = "$(TARGET_NAME)";
				SWIFT_VERSION = 3.0;
				TEST_HOST = "$(BUILT_PRODUCTS_DIR)/Little Orion.app/Little Orion";
			};
			name = Debug;
		};
		9FCF48091DE72B4A00334D7B /* Release */ = {
			isa = XCBuildConfiguration;
			buildSettings = {
				BUNDLE_LOADER = "$(TEST_HOST)";
				DEVELOPMENT_TEAM = Z6P74P6T99;
				INFOPLIST_FILE = OrionTests/Info.plist;
				LD_RUNPATH_SEARCH_PATHS = "$(inherited) @executable_path/Frameworks @loader_path/Frameworks";
				PRODUCT_BUNDLE_IDENTIFIER = com.thomasricouard.OrionTests;
				PRODUCT_NAME = "$(TARGET_NAME)";
				SWIFT_VERSION = 3.0;
				TEST_HOST = "$(BUILT_PRODUCTS_DIR)/Little Orion.app/Little Orion";
			};
			name = Release;
		};
/* End XCBuildConfiguration section */

/* Begin XCConfigurationList section */
		9F32D0851DE32ED8004455BB /* Build configuration list for PBXProject "Little Orion" */ = {
			isa = XCConfigurationList;
			buildConfigurations = (
				9F32D0A01DE32ED8004455BB /* Debug */,
				9F32D0A11DE32ED8004455BB /* Release */,
			);
			defaultConfigurationIsVisible = 0;
			defaultConfigurationName = Release;
		};
		9F32D0A21DE32ED8004455BB /* Build configuration list for PBXNativeTarget "Little Orion" */ = {
			isa = XCConfigurationList;
			buildConfigurations = (
				9F32D0A31DE32ED8004455BB /* Debug */,
				9F32D0A41DE32ED8004455BB /* Release */,
			);
			defaultConfigurationIsVisible = 0;
			defaultConfigurationName = Release;
		};
		9FCF48071DE72B4A00334D7B /* Build configuration list for PBXNativeTarget "OrionTests" */ = {
			isa = XCConfigurationList;
			buildConfigurations = (
				9FCF48081DE72B4A00334D7B /* Debug */,
				9FCF48091DE72B4A00334D7B /* Release */,
			);
			defaultConfigurationIsVisible = 0;
			defaultConfigurationName = Release;
		};
/* End XCConfigurationList section */
	};
	rootObject = 9F32D0821DE32ED8004455BB /* Project object */;
}
