PODS:
  - ReSwift (3.0.0)

DEPENDENCIES:
  - ReSwift (from `https://github.com/ReSwift/ReSwift`, commit `27f24d2d0c2a895184a36aabcdccd069bd5a703e`)

EXTERNAL SOURCES:
  ReSwift:
    :commit: 27f24d2d0c2a895184a36aabcdccd069bd5a703e
    :git: https://github.com/ReSwift/ReSwift

CHECKOUT OPTIONS:
  ReSwift:
    :commit: 27f24d2d0c2a895184a36aabcdccd069bd5a703e
    :git: https://github.com/ReSwift/ReSwift

SPEC CHECKSUMS:
  ReSwift: 00add9a3eb1b5c93a3728ea88393de390ef6ddff

PODFILE CHECKSUM: aed4d148d55fd646fc19aa7a2bac8af129b7aafd

COCOAPODS: 1.2.1
